
Microsoft Visual Studio Solution File, Format Version 12.00
# Visual Studio Version 17
VisualStudioVersion = 17.13.35919.96 d17.13
MinimumVisualStudioVersion = 10.0.40219.1
Project("{8BC9CEB8-8B4A-11D0-8D11-00A0C91BC942}") = "cs2kernel", "cs2kernel\cs2kernel.vcxproj", "{35A81161-52E9-4F7F-6549-DB4CFE395132}"
EndProject
Global
	GlobalSection(SolutionConfigurationPlatforms) = preSolution
		Debug|ARM64 = Debug|ARM64
		Debug|x64 = Debug|x64
		Release|ARM64 = Release|ARM64
		Release|x64 = Release|x64
	EndGlobalSection
	GlobalSection(ProjectConfigurationPlatforms) = postSolution
		{35A81161-52E9-4F7F-6549-DB4CFE395132}.Debug|ARM64.ActiveCfg = Debug|ARM64
		{35A81161-52E9-4F7F-6549-DB4CFE395132}.Debug|ARM64.Build.0 = Debug|ARM64
		{35A81161-52E9-4F7F-6549-DB4CFE395132}.Debug|ARM64.Deploy.0 = Debug|ARM64
		{35A81161-52E9-4F7F-6549-DB4CFE395132}.Debug|x64.ActiveCfg = Debug|x64
		{35A81161-52E9-4F7F-6549-DB4CFE395132}.Debug|x64.Build.0 = Debug|x64
		{35A81161-52E9-4F7F-6549-DB4CFE395132}.Debug|x64.Deploy.0 = Debug|x64
		{35A81161-52E9-4F7F-6549-DB4CFE395132}.Release|ARM64.ActiveCfg = Release|ARM64
		{35A81161-52E9-4F7F-6549-DB4CFE395132}.Release|ARM64.Build.0 = Release|ARM64
		{35A81161-52E9-4F7F-6549-DB4CFE395132}.Release|ARM64.Deploy.0 = Release|ARM64
		{35A81161-52E9-4F7F-6549-DB4CFE395132}.Release|x64.ActiveCfg = Release|x64
		{35A81161-52E9-4F7F-6549-DB4CFE395132}.Release|x64.Build.0 = Release|x64
		{35A81161-52E9-4F7F-6549-DB4CFE395132}.Release|x64.Deploy.0 = Release|x64
	EndGlobalSection
	GlobalSection(SolutionProperties) = preSolution
		HideSolutionNode = FALSE
	EndGlobalSection
	GlobalSection(ExtensibilityGlobals) = postSolution
		SolutionGuid = {A3FD9088-D144-456B-BC42-5D7D11B2E5BE}
	EndGlobalSection
EndGlobal
